
Microsoft Visual Studio Solution File, Format Version 12.00
# Visual Studio Version 16
VisualStudioVersion = 16.0.30406.217
MinimumVisualStudioVersion = 10.0.40219.1
Project("{FAE04EC0-301F-11D3-BF4B-00C04F79EFBC}") = "RegionalShop", "RegionalShop.csproj", "{4ECE85D7-7890-4E45-8EE4-DCAD8B8AD49C}"
EndProject
Project("{FAE04EC0-301F-11D3-BF4B-00C04F79EFBC}") = "RegionalShop.Tests", "..\RegionalShop.Tests\RegionalShop.Tests.csproj", "{D9B9F66B-4A0E-402E-BBDB-43C5AB8758CB}"
EndProject
Global
	GlobalSection(SolutionConfigurationPlatforms) = preSolution
		Debug|Any CPU = Debug|Any CPU
		Release|Any CPU = Release|Any CPU
	EndGlobalSection
	GlobalSection(ProjectConfigurationPlatforms) = postSolution
		{4ECE85D7-7890-4E45-8EE4-DCAD8B8AD49C}.Debug|Any CPU.ActiveCfg = Debug|Any CPU
		{4ECE85D7-7890-4E45-8EE4-DCAD8B8AD49C}.Debug|Any CPU.Build.0 = Debug|Any CPU
		{4ECE85D7-7890-4E45-8EE4-DCAD8B8AD49C}.Release|Any CPU.ActiveCfg = Release|Any CPU
		{4ECE85D7-7890-4E45-8EE4-DCAD8B8AD49C}.Release|Any CPU.Build.0 = Release|Any CPU
		{D9B9F66B-4A0E-402E-BBDB-43C5AB8758CB}.Debug|Any CPU.ActiveCfg = Debug|Any CPU
		{D9B9F66B-4A0E-402E-BBDB-43C5AB8758CB}.Debug|Any CPU.Build.0 = Debug|Any CPU
		{D9B9F66B-4A0E-402E-BBDB-43C5AB8758CB}.Release|Any CPU.ActiveCfg = Release|Any CPU
		{D9B9F66B-4A0E-402E-BBDB-43C5AB8758CB}.Release|Any CPU.Build.0 = Release|Any CPU
	EndGlobalSection
	GlobalSection(SolutionProperties) = preSolution
		HideSolutionNode = FALSE
	EndGlobalSection
	GlobalSection(ExtensibilityGlobals) = postSolution
		SolutionGuid = {6BBEA8C4-9E4D-4001-A00F-A505ACA4C2CC}
	EndGlobalSection
EndGlobal
